
Microsoft Visual Studio Solution File, Format Version 12.00
# Visual Studio Version 17
VisualStudioVersion = 17.2.32630.192
MinimumVisualStudioVersion = 10.0.40219.1
Project("{FAE04EC0-301F-11D3-BF4B-00C04F79EFBC}") = "CampaignCodeGenerator", "CampaignCodeGenerator\CampaignCodeGenerator.csproj", "{2237F45B-812A-4264-BA50-98FFA1AC0662}"
EndProject
Global
	GlobalSection(SolutionConfigurationPlatforms) = preSolution
		Debug|Any CPU = Debug|Any CPU
		Release|Any CPU = Release|Any CPU
	EndGlobalSection
	GlobalSection(ProjectConfigurationPlatforms) = postSolution
		{2237F45B-812A-4264-BA50-98FFA1AC0662}.Debug|Any CPU.ActiveCfg = Debug|Any CPU
		{2237F45B-812A-4264-BA50-98FFA1AC0662}.Debug|Any CPU.Build.0 = Debug|Any CPU
		{2237F45B-812A-4264-BA50-98FFA1AC0662}.Release|Any CPU.ActiveCfg = Release|Any CPU
		{2237F45B-812A-4264-BA50-98FFA1AC0662}.Release|Any CPU.Build.0 = Release|Any CPU
	EndGlobalSection
	GlobalSection(SolutionProperties) = preSolution
		HideSolutionNode = FALSE
	EndGlobalSection
	GlobalSection(ExtensibilityGlobals) = postSolution
		SolutionGuid = {0202AEDF-C4C1-4F56-BEF7-113AA3FC69B8}
	EndGlobalSection
EndGlobal
